
Microsoft Visual Studio Solution File, Format Version 12.00
# Visual Studio Version 17
VisualStudioVersion = 17.0.31903.59
MinimumVisualStudioVersion = 10.0.40219.1
Project("{FAE04EC0-301F-11D3-BF4B-00C04F79EFBC}") = "WebApp", "WebApp\WebApp.csproj", "{9766B36F-46CE-41C1-8C15-8B03B51C6471}"
EndProject
Project("{FAE04EC0-301F-11D3-BF4B-00C04F79EFBC}") = "BaseLibrary", "BaseLibrary\BaseLibrary.csproj", "{1C5C37D4-A1FF-4220-BF20-5D516249578D}"
EndProject
Project("{FAE04EC0-301F-11D3-BF4B-00C04F79EFBC}") = "IdProvider", "IdProvider\IdProvider.csproj", "{E9BD6D6B-738F-484D-BA21-AD7FC8DECFD8}"
EndProject
Project("{FAE04EC0-301F-11D3-BF4B-00C04F79EFBC}") = "PluginLoader", "Microkernel\PluginLoader.csproj", "{E1B8AEF3-0A28-BC69-3B70-882EBB54FC94}"
EndProject
Global
	GlobalSection(SolutionConfigurationPlatforms) = preSolution
		Debug|Any CPU = Debug|Any CPU
		Debug|x64 = Debug|x64
		Debug|x86 = Debug|x86
		Release|Any CPU = Release|Any CPU
		Release|x64 = Release|x64
		Release|x86 = Release|x86
	EndGlobalSection
	GlobalSection(ProjectConfigurationPlatforms) = postSolution
		{9766B36F-46CE-41C1-8C15-8B03B51C6471}.Debug|Any CPU.ActiveCfg = Debug|Any CPU
		{9766B36F-46CE-41C1-8C15-8B03B51C6471}.Debug|Any CPU.Build.0 = Debug|Any CPU
		{9766B36F-46CE-41C1-8C15-8B03B51C6471}.Debug|x64.ActiveCfg = Debug|Any CPU
		{9766B36F-46CE-41C1-8C15-8B03B51C6471}.Debug|x64.Build.0 = Debug|Any CPU
		{9766B36F-46CE-41C1-8C15-8B03B51C6471}.Debug|x86.ActiveCfg = Debug|Any CPU
		{9766B36F-46CE-41C1-8C15-8B03B51C6471}.Debug|x86.Build.0 = Debug|Any CPU
		{9766B36F-46CE-41C1-8C15-8B03B51C6471}.Release|Any CPU.ActiveCfg = Release|Any CPU
		{9766B36F-46CE-41C1-8C15-8B03B51C6471}.Release|Any CPU.Build.0 = Release|Any CPU
		{9766B36F-46CE-41C1-8C15-8B03B51C6471}.Release|x64.ActiveCfg = Release|Any CPU
		{9766B36F-46CE-41C1-8C15-8B03B51C6471}.Release|x64.Build.0 = Release|Any CPU
		{9766B36F-46CE-41C1-8C15-8B03B51C6471}.Release|x86.ActiveCfg = Release|Any CPU
		{9766B36F-46CE-41C1-8C15-8B03B51C6471}.Release|x86.Build.0 = Release|Any CPU
		{1C5C37D4-A1FF-4220-BF20-5D516249578D}.Debug|Any CPU.ActiveCfg = Debug|Any CPU
		{1C5C37D4-A1FF-4220-BF20-5D516249578D}.Debug|Any CPU.Build.0 = Debug|Any CPU
		{1C5C37D4-A1FF-4220-BF20-5D516249578D}.Debug|x64.ActiveCfg = Debug|Any CPU
		{1C5C37D4-A1FF-4220-BF20-5D516249578D}.Debug|x64.Build.0 = Debug|Any CPU
		{1C5C37D4-A1FF-4220-BF20-5D516249578D}.Debug|x86.ActiveCfg = Debug|Any CPU
		{1C5C37D4-A1FF-4220-BF20-5D516249578D}.Debug|x86.Build.0 = Debug|Any CPU
		{1C5C37D4-A1FF-4220-BF20-5D516249578D}.Release|Any CPU.ActiveCfg = Release|Any CPU
		{1C5C37D4-A1FF-4220-BF20-5D516249578D}.Release|Any CPU.Build.0 = Release|Any CPU
		{1C5C37D4-A1FF-4220-BF20-5D516249578D}.Release|x64.ActiveCfg = Release|Any CPU
		{1C5C37D4-A1FF-4220-BF20-5D516249578D}.Release|x64.Build.0 = Release|Any CPU
		{1C5C37D4-A1FF-4220-BF20-5D516249578D}.Release|x86.ActiveCfg = Release|Any CPU
		{1C5C37D4-A1FF-4220-BF20-5D516249578D}.Release|x86.Build.0 = Release|Any CPU
		{E9BD6D6B-738F-484D-BA21-AD7FC8DECFD8}.Debug|Any CPU.ActiveCfg = Debug|Any CPU
		{E9BD6D6B-738F-484D-BA21-AD7FC8DECFD8}.Debug|Any CPU.Build.0 = Debug|Any CPU
		{E9BD6D6B-738F-484D-BA21-AD7FC8DECFD8}.Debug|x64.ActiveCfg = Debug|Any CPU
		{E9BD6D6B-738F-484D-BA21-AD7FC8DECFD8}.Debug|x64.Build.0 = Debug|Any CPU
		{E9BD6D6B-738F-484D-BA21-AD7FC8DECFD8}.Debug|x86.ActiveCfg = Debug|Any CPU
		{E9BD6D6B-738F-484D-BA21-AD7FC8DECFD8}.Debug|x86.Build.0 = Debug|Any CPU
		{E9BD6D6B-738F-484D-BA21-AD7FC8DECFD8}.Release|Any CPU.ActiveCfg = Release|Any CPU
		{E9BD6D6B-738F-484D-BA21-AD7FC8DECFD8}.Release|Any CPU.Build.0 = Release|Any CPU
		{E9BD6D6B-738F-484D-BA21-AD7FC8DECFD8}.Release|x64.ActiveCfg = Release|Any CPU
		{E9BD6D6B-738F-484D-BA21-AD7FC8DECFD8}.Release|x64.Build.0 = Release|Any CPU
		{E9BD6D6B-738F-484D-BA21-AD7FC8DECFD8}.Release|x86.ActiveCfg = Release|Any CPU
		{E9BD6D6B-738F-484D-BA21-AD7FC8DECFD8}.Release|x86.Build.0 = Release|Any CPU
		{E1B8AEF3-0A28-BC69-3B70-882EBB54FC94}.Debug|Any CPU.ActiveCfg = Debug|Any CPU
		{E1B8AEF3-0A28-BC69-3B70-882EBB54FC94}.Debug|Any CPU.Build.0 = Debug|Any CPU
		{E1B8AEF3-0A28-BC69-3B70-882EBB54FC94}.Debug|x64.ActiveCfg = Debug|Any CPU
		{E1B8AEF3-0A28-BC69-3B70-882EBB54FC94}.Debug|x64.Build.0 = Debug|Any CPU
		{E1B8AEF3-0A28-BC69-3B70-882EBB54FC94}.Debug|x86.ActiveCfg = Debug|Any CPU
		{E1B8AEF3-0A28-BC69-3B70-882EBB54FC94}.Debug|x86.Build.0 = Debug|Any CPU
		{E1B8AEF3-0A28-BC69-3B70-882EBB54FC94}.Release|Any CPU.ActiveCfg = Release|Any CPU
		{E1B8AEF3-0A28-BC69-3B70-882EBB54FC94}.Release|Any CPU.Build.0 = Release|Any CPU
		{E1B8AEF3-0A28-BC69-3B70-882EBB54FC94}.Release|x64.ActiveCfg = Release|Any CPU
		{E1B8AEF3-0A28-BC69-3B70-882EBB54FC94}.Release|x64.Build.0 = Release|Any CPU
		{E1B8AEF3-0A28-BC69-3B70-882EBB54FC94}.Release|x86.ActiveCfg = Release|Any CPU
		{E1B8AEF3-0A28-BC69-3B70-882EBB54FC94}.Release|x86.Build.0 = Release|Any CPU
	EndGlobalSection
	GlobalSection(SolutionProperties) = preSolution
		HideSolutionNode = FALSE
	EndGlobalSection
EndGlobal
